{
  "name": "shape2geo2topo",
  "version": "1.0.0",
  "lockfileVersion": 1,
  "dependencies": {
    "array-source": {
      "version": "https://registry.npmjs.org/array-source/-/array-source-0.0.3.tgz",
      "integrity": "sha1-buY1djxPtM2ZkPh2Mhyynm193tE="
    },
    "commander": {
      "version": "https://registry.npmjs.org/commander/-/commander-2.11.0.tgz",
      "integrity": "sha1-FXFS/R56bI2YpbcVzzdt+SgARWM="
    },
    "duplexer": {
      "version": "https://registry.npmjs.org/duplexer/-/duplexer-0.1.1.tgz",
      "integrity": "sha1-rOb/gIwc5mtX0ev5eXessCM0z8E="
    },
    "event-stream": {
      "version": "https://registry.npmjs.org/event-stream/-/event-stream-3.3.4.tgz",
      "integrity": "sha1-SrTJoPWlTbkzi0w02Gv86PSzVXE="
    },
    "file-source": {
      "version": "https://registry.npmjs.org/file-source/-/file-source-0.6.1.tgz",
      "integrity": "sha1-rhidSZN2a4Zad/g63Pm5pQTNN9w="
    },
    "from": {
      "version": "https://registry.npmjs.org/from/-/from-0.1.7.tgz",
      "integrity": "sha1-g8YK/Fi5xWmXAH7Rp2izqzA6RP4="
    },
    "jsonparse": {
      "version": "https://registry.npmjs.org/jsonparse/-/jsonparse-1.3.1.tgz",
      "integrity": "sha1-P02uSpH6wxX3EGL4UhzCOfE2YoA="
    },
    "JSONStream": {
      "version": "https://registry.npmjs.org/JSONStream/-/JSONStream-1.3.1.tgz",
      "integrity": "sha1-cH92HgHa6eFvG8+TcDt4xwlmV5o="
    },
    "map-stream": {
      "version": "https://registry.npmjs.org/map-stream/-/map-stream-0.1.0.tgz",
      "integrity": "sha1-5WqpTEyAVaFkBKBnS3jyFffI4ZQ="
    },
    "path-source": {
      "version": "https://registry.npmjs.org/path-source/-/path-source-0.1.2.tgz",
      "integrity": "sha1-xaJsRPuSzTK5MOjkmx/ldQ8spws="
    },
    "pause-stream": {
      "version": "https://registry.npmjs.org/pause-stream/-/pause-stream-0.0.11.tgz",
      "integrity": "sha1-/lo0sMvOErWqaitAPuLnO2AvFEU="
    },
    "shapefile": {
      "version": "https://registry.npmjs.org/shapefile/-/shapefile-0.6.2.tgz",
      "integrity": "sha1-PiMmdCkCNKZHS2zKyoiZp5b+mO0="
    },
    "slice-source": {
      "version": "https://registry.npmjs.org/slice-source/-/slice-source-0.4.1.tgz",
      "integrity": "sha1-QKV6wDxmaLXaIA4FN44AC/KmHXk="
    },
    "split": {
      "version": "https://registry.npmjs.org/split/-/split-0.3.3.tgz",
      "integrity": "sha1-zQ7qXmOiEd//frDwkcQTPi0N0o8="
    },
    "stream-combiner": {
      "version": "https://registry.npmjs.org/stream-combiner/-/stream-combiner-0.0.4.tgz",
      "integrity": "sha1-TV5DPBhSYd3mI8o/RMWGvPXErRQ="
    },
    "stream-source": {
      "version": "https://registry.npmjs.org/stream-source/-/stream-source-0.3.4.tgz",
      "integrity": "sha1-BCfB+xKLC9LYhNho3MiUII+b2js="
    },
    "text-encoding": {
      "version": "https://registry.npmjs.org/text-encoding/-/text-encoding-0.6.1.tgz",
      "integrity": "sha1-TeETDmHVDdhnBAQoqhVlbv3cscg="
    },
    "through": {
      "version": "https://registry.npmjs.org/through/-/through-2.3.8.tgz",
      "integrity": "sha1-DdTJ/6q8NXlgsbckEV1+Doai4fU="
    },
    "topojson": {
      "version": "https://registry.npmjs.org/topojson/-/topojson-3.0.0.tgz",
      "integrity": "sha1-wqyht2Q16AHc4/IpWGu9V2cRXOM=",
      "dependencies": {
        "topojson-client": {
          "version": "https://registry.npmjs.org/topojson-client/-/topojson-client-3.0.0.tgz",
          "integrity": "sha1-H5kpOnfvQqRI0DKoGqmCtz82DS8="
        },
        "topojson-server": {
          "version": "https://registry.npmjs.org/topojson-server/-/topojson-server-3.0.0.tgz",
          "integrity": "sha1-N4546Hw5cqe1vixdYENptrrmnF4="
        },
        "topojson-simplify": {
          "version": "https://registry.npmjs.org/topojson-simplify/-/topojson-simplify-3.0.0.tgz",
          "integrity": "sha1-WFJ9JsqFvYWJtYAPbBDpOIUkWuU="
        }
      }
    }
  }
}
